// !$*UTF8*$!
{
	archiveVersion = 1;
	classes = {
	};
	objectVersion = 56;
	objects = {

/* Begin PBXBuildFile section */
		9C2FB2642B7C7F180010EB72 /* Demo.zip in Resources */ = {isa = PBXBuildFile; fileRef = 9C2FB2632B7C7F180010EB72 /* Demo.zip */; };
		9C3089342B571C5600C179A6 /* esbuild.a in Frameworks */ = {isa = PBXBuildFile; fileRef = 9C3089332B571C5600C179A6 /* esbuild.a */; };
		9C46D3C22BADD35F00A3EE86 /* Adapter.swift in Sources */ = {isa = PBXBuildFile; fileRef = 9C46D3C12BADD35F00A3EE86 /* Adapter.swift */; };
		9C46D3C52BAE072F00A3EE86 /* SwiftyJSON in Frameworks */ = {isa = PBXBuildFile; productRef = 9C46D3C42BAE072F00A3EE86 /* SwiftyJSON */; };
		9C7E8A632BAA038500CE9660 /* PrivacyInfo.xcprivacy in Resources */ = {isa = PBXBuildFile; fileRef = 9C7E8A622BA9BF1600CE9660 /* PrivacyInfo.xcprivacy */; };
		9C7E8A652BADCDEE00CE9660 /* Instance.swift in Sources */ = {isa = PBXBuildFile; fileRef = 9C7E8A642BADCDEE00CE9660 /* Instance.swift */; };
		9C7E8A672BADCE1300CE9660 /* InstanceEditor.swift in Sources */ = {isa = PBXBuildFile; fileRef = 9C7E8A662BADCE1300CE9660 /* InstanceEditor.swift */; };
		9CA03E502B5715AA002D2D9F /* FullStackedApp.swift in Sources */ = {isa = PBXBuildFile; fileRef = 9CA03E4F2B5715AA002D2D9F /* FullStackedApp.swift */; };
		9CA03E522B5715AA002D2D9F /* ContentView.swift in Sources */ = {isa = PBXBuildFile; fileRef = 9CA03E512B5715AA002D2D9F /* ContentView.swift */; };
		9CA03E542B5715AC002D2D9F /* Assets.xcassets in Resources */ = {isa = PBXBuildFile; fileRef = 9CA03E532B5715AC002D2D9F /* Assets.xcassets */; };
		9CA03E572B5715AC002D2D9F /* Preview Assets.xcassets in Resources */ = {isa = PBXBuildFile; fileRef = 9CA03E562B5715AC002D2D9F /* Preview Assets.xcassets */; };
		9CB389912B863B0A00FB783E /* build in Resources */ = {isa = PBXBuildFile; fileRef = 9CB389902B863B0A00FB783E /* build */; };
		9CE5E40E2B6FEEC600EDE034 /* js in Resources */ = {isa = PBXBuildFile; fileRef = 9CE5E40D2B6FEEC600EDE034 /* js */; };
/* End PBXBuildFile section */

/* Begin PBXFileReference section */
		9C2FB2632B7C7F180010EB72 /* Demo.zip */ = {isa = PBXFileReference; lastKnownFileType = archive.zip; name = Demo.zip; path = ../../../../Demo.zip; sourceTree = "<group>"; };
		9C3089322B571C5600C179A6 /* esbuild.h */ = {isa = PBXFileReference; fileEncoding = 4; lastKnownFileType = sourcecode.c.h; name = esbuild.h; path = ../../../esbuild/out/esbuild.h; sourceTree = "<group>"; };
		9C3089332B571C5600C179A6 /* esbuild.a */ = {isa = PBXFileReference; lastKnownFileType = archive.ar; name = esbuild.a; path = ../../../esbuild/out/esbuild.a; sourceTree = "<group>"; };
		9C46D3C12BADD35F00A3EE86 /* Adapter.swift */ = {isa = PBXFileReference; lastKnownFileType = sourcecode.swift; path = Adapter.swift; sourceTree = "<group>"; };
		9C7E8A622BA9BF1600CE9660 /* PrivacyInfo.xcprivacy */ = {isa = PBXFileReference; lastKnownFileType = text.xml; path = PrivacyInfo.xcprivacy; sourceTree = "<group>"; };
		9C7E8A642BADCDEE00CE9660 /* Instance.swift */ = {isa = PBXFileReference; lastKnownFileType = sourcecode.swift; path = Instance.swift; sourceTree = "<group>"; };
		9C7E8A662BADCE1300CE9660 /* InstanceEditor.swift */ = {isa = PBXFileReference; lastKnownFileType = sourcecode.swift; path = InstanceEditor.swift; sourceTree = "<group>"; };
		9CA03E4C2B5715AA002D2D9F /* FullStacked.app */ = {isa = PBXFileReference; explicitFileType = wrapper.application; includeInIndex = 0; path = FullStacked.app; sourceTree = BUILT_PRODUCTS_DIR; };
		9CA03E4F2B5715AA002D2D9F /* FullStackedApp.swift */ = {isa = PBXFileReference; lastKnownFileType = sourcecode.swift; path = FullStackedApp.swift; sourceTree = "<group>"; };
		9CA03E512B5715AA002D2D9F /* ContentView.swift */ = {isa = PBXFileReference; lastKnownFileType = sourcecode.swift; path = ContentView.swift; sourceTree = "<group>"; };
		9CA03E532B5715AC002D2D9F /* Assets.xcassets */ = {isa = PBXFileReference; lastKnownFileType = folder.assetcatalog; path = Assets.xcassets; sourceTree = "<group>"; };
		9CA03E562B5715AC002D2D9F /* Preview Assets.xcassets */ = {isa = PBXFileReference; lastKnownFileType = folder.assetcatalog; path = "Preview Assets.xcassets"; sourceTree = "<group>"; };
		9CA03E652B57168A002D2D9F /* esbuild-Bridging-Header.h */ = {isa = PBXFileReference; lastKnownFileType = sourcecode.c.h; path = "esbuild-Bridging-Header.h"; sourceTree = "<group>"; };
		9CB389902B863B0A00FB783E /* build */ = {isa = PBXFileReference; lastKnownFileType = folder; name = build; path = ../../../../editor/build; sourceTree = "<group>"; };
		9CE2142E2B5E17AA00B3F646 /* Info.plist */ = {isa = PBXFileReference; lastKnownFileType = text.plist; path = Info.plist; sourceTree = "<group>"; };
		9CE5E40D2B6FEEC600EDE034 /* js */ = {isa = PBXFileReference; lastKnownFileType = folder; name = js; path = ../../../../src/js; sourceTree = "<group>"; };
/* End PBXFileReference section */

/* Begin PBXFrameworksBuildPhase section */
		9CA03E492B5715AA002D2D9F /* Frameworks */ = {
			isa = PBXFrameworksBuildPhase;
			buildActionMask = 2147483647;
			files = (
				9C46D3C52BAE072F00A3EE86 /* SwiftyJSON in Frameworks */,
				9C3089342B571C5600C179A6 /* esbuild.a in Frameworks */,
			);
			runOnlyForDeploymentPostprocessing = 0;
		};
/* End PBXFrameworksBuildPhase section */

/* Begin PBXGroup section */
		9CA03E432B5715A9002D2D9F = {
			isa = PBXGroup;
			children = (
				9CA03E4E2B5715AA002D2D9F /* FullStacked */,
				9CA03E4D2B5715AA002D2D9F /* Products */,
			);
			sourceTree = "<group>";
		};
		9CA03E4D2B5715AA002D2D9F /* Products */ = {
			isa = PBXGroup;
			children = (
				9CA03E4C2B5715AA002D2D9F /* FullStacked.app */,
			);
			name = Products;
			sourceTree = "<group>";
		};
		9CA03E4E2B5715AA002D2D9F /* FullStacked */ = {
			isa = PBXGroup;
			children = (
				9CB389902B863B0A00FB783E /* build */,
				9CE5E40D2B6FEEC600EDE034 /* js */,
				9CE2142E2B5E17AA00B3F646 /* Info.plist */,
				9CA03E612B57160E002D2D9F /* esbuild */,
				9CA03E4F2B5715AA002D2D9F /* FullStackedApp.swift */,
				9CA03E512B5715AA002D2D9F /* ContentView.swift */,
				9CA03E532B5715AC002D2D9F /* Assets.xcassets */,
				9CA03E552B5715AC002D2D9F /* Preview Content */,
				9C2FB2632B7C7F180010EB72 /* Demo.zip */,
				9C7E8A622BA9BF1600CE9660 /* PrivacyInfo.xcprivacy */,
				9C7E8A642BADCDEE00CE9660 /* Instance.swift */,
				9C46D3C12BADD35F00A3EE86 /* Adapter.swift */,
				9C7E8A662BADCE1300CE9660 /* InstanceEditor.swift */,
			);
			path = FullStacked;
			sourceTree = "<group>";
		};
		9CA03E552B5715AC002D2D9F /* Preview Content */ = {
			isa = PBXGroup;
			children = (
				9CA03E562B5715AC002D2D9F /* Preview Assets.xcassets */,
			);
			path = "Preview Content";
			sourceTree = "<group>";
		};
		9CA03E612B57160E002D2D9F /* esbuild */ = {
			isa = PBXGroup;
			children = (
				9C3089332B571C5600C179A6 /* esbuild.a */,
				9C3089322B571C5600C179A6 /* esbuild.h */,
				9CA03E652B57168A002D2D9F /* esbuild-Bridging-Header.h */,
			);
			path = esbuild;
			sourceTree = "<group>";
		};
/* End PBXGroup section */

/* Begin PBXNativeTarget section */
		9CA03E4B2B5715AA002D2D9F /* FullStacked */ = {
			isa = PBXNativeTarget;
			buildConfigurationList = 9CA03E5A2B5715AC002D2D9F /* Build configuration list for PBXNativeTarget "FullStacked" */;
			buildPhases = (
				9CA03E482B5715AA002D2D9F /* Sources */,
				9CA03E492B5715AA002D2D9F /* Frameworks */,
				9CA03E4A2B5715AA002D2D9F /* Resources */,
			);
			buildRules = (
			);
			dependencies = (
			);
			name = FullStacked;
			packageProductDependencies = (
				9C46D3C42BAE072F00A3EE86 /* SwiftyJSON */,
			);
			productName = FullStacked;
			productReference = 9CA03E4C2B5715AA002D2D9F /* FullStacked.app */;
			productType = "com.apple.product-type.application";
		};
/* End PBXNativeTarget section */

/* Begin PBXProject section */
		9CA03E442B5715A9002D2D9F /* Project object */ = {
			isa = PBXProject;
			attributes = {
				BuildIndependentTargetsInParallel = 1;
				LastSwiftUpdateCheck = 1520;
				LastUpgradeCheck = 1520;
				TargetAttributes = {
					9CA03E4B2B5715AA002D2D9F = {
						CreatedOnToolsVersion = 15.2;
					};
				};
			};
			buildConfigurationList = 9CA03E472B5715A9002D2D9F /* Build configuration list for PBXProject "FullStacked" */;
			compatibilityVersion = "Xcode 14.0";
			developmentRegion = en;
			hasScannedForEncodings = 0;
			knownRegions = (
				en,
				Base,
			);
			mainGroup = 9CA03E432B5715A9002D2D9F;
			packageReferences = (
				9C46D3C32BAE072F00A3EE86 /* XCRemoteSwiftPackageReference "SwiftyJSON" */,
			);
			productRefGroup = 9CA03E4D2B5715AA002D2D9F /* Products */;
			projectDirPath = "";
			projectRoot = "";
			targets = (
				9CA03E4B2B5715AA002D2D9F /* FullStacked */,
			);
		};
/* End PBXProject section */

/* Begin PBXResourcesBuildPhase section */
		9CA03E4A2B5715AA002D2D9F /* Resources */ = {
			isa = PBXResourcesBuildPhase;
			buildActionMask = 2147483647;
			files = (
				9C7E8A632BAA038500CE9660 /* PrivacyInfo.xcprivacy in Resources */,
				9C2FB2642B7C7F180010EB72 /* Demo.zip in Resources */,
				9CE5E40E2B6FEEC600EDE034 /* js in Resources */,
				9CB389912B863B0A00FB783E /* build in Resources */,
				9CA03E572B5715AC002D2D9F /* Preview Assets.xcassets in Resources */,
				9CA03E542B5715AC002D2D9F /* Assets.xcassets in Resources */,
			);
			runOnlyForDeploymentPostprocessing = 0;
		};
/* End PBXResourcesBuildPhase section */

/* Begin PBXSourcesBuildPhase section */
		9CA03E482B5715AA002D2D9F /* Sources */ = {
			isa = PBXSourcesBuildPhase;
			buildActionMask = 2147483647;
			files = (
				9C7E8A672BADCE1300CE9660 /* InstanceEditor.swift in Sources */,
				9C46D3C22BADD35F00A3EE86 /* Adapter.swift in Sources */,
				9CA03E522B5715AA002D2D9F /* ContentView.swift in Sources */,
				9C7E8A652BADCDEE00CE9660 /* Instance.swift in Sources */,
				9CA03E502B5715AA002D2D9F /* FullStackedApp.swift in Sources */,
			);
			runOnlyForDeploymentPostprocessing = 0;
		};
/* End PBXSourcesBuildPhase section */

/* Begin XCBuildConfiguration section */
		9CA03E582B5715AC002D2D9F /* Debug */ = {
			isa = XCBuildConfiguration;
			buildSettings = {
				ALWAYS_SEARCH_USER_PATHS = NO;
				ASSETCATALOG_COMPILER_GENERATE_SWIFT_ASSET_SYMBOL_EXTENSIONS = YES;
				CLANG_ANALYZER_NONNULL = YES;
				CLANG_ANALYZER_NUMBER_OBJECT_CONVERSION = YES_AGGRESSIVE;
				CLANG_CXX_LANGUAGE_STANDARD = "gnu++20";
				CLANG_ENABLE_MODULES = YES;
				CLANG_ENABLE_OBJC_ARC = YES;
				CLANG_ENABLE_OBJC_WEAK = YES;
				CLANG_WARN_BLOCK_CAPTURE_AUTORELEASING = YES;
				CLANG_WARN_BOOL_CONVERSION = YES;
				CLANG_WARN_COMMA = YES;
				CLANG_WARN_CONSTANT_CONVERSION = YES;
				CLANG_WARN_DEPRECATED_OBJC_IMPLEMENTATIONS = YES;
				CLANG_WARN_DIRECT_OBJC_ISA_USAGE = YES_ERROR;
				CLANG_WARN_DOCUMENTATION_COMMENTS = YES;
				CLANG_WARN_EMPTY_BODY = YES;
				CLANG_WARN_ENUM_CONVERSION = YES;
				CLANG_WARN_INFINITE_RECURSION = YES;
				CLANG_WARN_INT_CONVERSION = YES;
				CLANG_WARN_NON_LITERAL_NULL_CONVERSION = YES;
				CLANG_WARN_OBJC_IMPLICIT_RETAIN_SELF = YES;
				CLANG_WARN_OBJC_LITERAL_CONVERSION = YES;
				CLANG_WARN_OBJC_ROOT_CLASS = YES_ERROR;
				CLANG_WARN_QUOTED_INCLUDE_IN_FRAMEWORK_HEADER = YES;
				CLANG_WARN_RANGE_LOOP_ANALYSIS = YES;
				CLANG_WARN_STRICT_PROTOTYPES = YES;
				CLANG_WARN_SUSPICIOUS_MOVE = YES;
				CLANG_WARN_UNGUARDED_AVAILABILITY = YES_AGGRESSIVE;
				CLANG_WARN_UNREACHABLE_CODE = YES;
				CLANG_WARN__DUPLICATE_METHOD_MATCH = YES;
				COPY_PHASE_STRIP = NO;
				DEBUG_INFORMATION_FORMAT = dwarf;
				ENABLE_STRICT_OBJC_MSGSEND = YES;
				ENABLE_TESTABILITY = YES;
				ENABLE_USER_SCRIPT_SANDBOXING = YES;
				GCC_C_LANGUAGE_STANDARD = gnu17;
				GCC_DYNAMIC_NO_PIC = NO;
				GCC_NO_COMMON_BLOCKS = YES;
				GCC_OPTIMIZATION_LEVEL = 0;
				GCC_PREPROCESSOR_DEFINITIONS = (
					"DEBUG=1",
					"$(inherited)",
				);
				GCC_WARN_64_TO_32_BIT_CONVERSION = YES;
				GCC_WARN_ABOUT_RETURN_TYPE = YES_ERROR;
				GCC_WARN_UNDECLARED_SELECTOR = YES;
				GCC_WARN_UNINITIALIZED_AUTOS = YES_AGGRESSIVE;
				GCC_WARN_UNUSED_FUNCTION = YES;
				GCC_WARN_UNUSED_VARIABLE = YES;
				IPHONEOS_DEPLOYMENT_TARGET = 15.0;
				LOCALIZATION_PREFERS_STRING_CATALOGS = YES;
				MTL_ENABLE_DEBUG_INFO = INCLUDE_SOURCE;
				MTL_FAST_MATH = YES;
				ONLY_ACTIVE_ARCH = YES;
				SDKROOT = iphoneos;
				SWIFT_ACTIVE_COMPILATION_CONDITIONS = "DEBUG $(inherited)";
				SWIFT_OPTIMIZATION_LEVEL = "-Onone";
			};
			name = Debug;
		};
		9CA03E592B5715AC002D2D9F /* Release */ = {
			isa = XCBuildConfiguration;
			buildSettings = {
				ALWAYS_SEARCH_USER_PATHS = NO;
				ASSETCATALOG_COMPILER_GENERATE_SWIFT_ASSET_SYMBOL_EXTENSIONS = YES;
				CLANG_ANALYZER_NONNULL = YES;
				CLANG_ANALYZER_NUMBER_OBJECT_CONVERSION = YES_AGGRESSIVE;
				CLANG_CXX_LANGUAGE_STANDARD = "gnu++20";
				CLANG_ENABLE_MODULES = YES;
				CLANG_ENABLE_OBJC_ARC = YES;
				CLANG_ENABLE_OBJC_WEAK = YES;
				CLANG_WARN_BLOCK_CAPTURE_AUTORELEASING = YES;
				CLANG_WARN_BOOL_CONVERSION = YES;
				CLANG_WARN_COMMA = YES;
				CLANG_WARN_CONSTANT_CONVERSION = YES;
				CLANG_WARN_DEPRECATED_OBJC_IMPLEMENTATIONS = YES;
				CLANG_WARN_DIRECT_OBJC_ISA_USAGE = YES_ERROR;
				CLANG_WARN_DOCUMENTATION_COMMENTS = YES;
				CLANG_WARN_EMPTY_BODY = YES;
				CLANG_WARN_ENUM_CONVERSION = YES;
				CLANG_WARN_INFINITE_RECURSION = YES;
				CLANG_WARN_INT_CONVERSION = YES;
				CLANG_WARN_NON_LITERAL_NULL_CONVERSION = YES;
				CLANG_WARN_OBJC_IMPLICIT_RETAIN_SELF = YES;
				CLANG_WARN_OBJC_LITERAL_CONVERSION = YES;
				CLANG_WARN_OBJC_ROOT_CLASS = YES_ERROR;
				CLANG_WARN_QUOTED_INCLUDE_IN_FRAMEWORK_HEADER = YES;
				CLANG_WARN_RANGE_LOOP_ANALYSIS = YES;
				CLANG_WARN_STRICT_PROTOTYPES = YES;
				CLANG_WARN_SUSPICIOUS_MOVE = YES;
				CLANG_WARN_UNGUARDED_AVAILABILITY = YES_AGGRESSIVE;
				CLANG_WARN_UNREACHABLE_CODE = YES;
				CLANG_WARN__DUPLICATE_METHOD_MATCH = YES;
				COPY_PHASE_STRIP = NO;
				DEBUG_INFORMATION_FORMAT = "dwarf-with-dsym";
				ENABLE_NS_ASSERTIONS = NO;
				ENABLE_STRICT_OBJC_MSGSEND = YES;
				ENABLE_USER_SCRIPT_SANDBOXING = YES;
				GCC_C_LANGUAGE_STANDARD = gnu17;
				GCC_NO_COMMON_BLOCKS = YES;
				GCC_WARN_64_TO_32_BIT_CONVERSION = YES;
				GCC_WARN_ABOUT_RETURN_TYPE = YES_ERROR;
				GCC_WARN_UNDECLARED_SELECTOR = YES;
				GCC_WARN_UNINITIALIZED_AUTOS = YES_AGGRESSIVE;
				GCC_WARN_UNUSED_FUNCTION = YES;
				GCC_WARN_UNUSED_VARIABLE = YES;
				IPHONEOS_DEPLOYMENT_TARGET = 15.0;
				LOCALIZATION_PREFERS_STRING_CATALOGS = YES;
				MTL_ENABLE_DEBUG_INFO = NO;
				MTL_FAST_MATH = YES;
				SDKROOT = iphoneos;
				SWIFT_COMPILATION_MODE = wholemodule;
				VALIDATE_PRODUCT = YES;
			};
			name = Release;
		};
		9CA03E5B2B5715AC002D2D9F /* Debug */ = {
			isa = XCBuildConfiguration;
			buildSettings = {
				ASSETCATALOG_COMPILER_APPICON_NAME = AppIcon;
				ASSETCATALOG_COMPILER_GLOBAL_ACCENT_COLOR_NAME = AccentColor;
				CODE_SIGN_STYLE = Automatic;
				CURRENT_PROJECT_VERSION = 3;
				DEVELOPMENT_ASSET_PATHS = "\"FullStacked/Preview Content\"";
				DEVELOPMENT_TEAM = QD7Y9DQ5V4;
				ENABLE_PREVIEWS = YES;
				GENERATE_INFOPLIST_FILE = YES;
				HEADER_SEARCH_PATHS = "\"$(SRCROOT)/FullStacked/esbuild\"";
				INFOPLIST_FILE = FullStacked/Info.plist;
				INFOPLIST_KEY_CFBundleDisplayName = FullStacked;
				INFOPLIST_KEY_LSApplicationCategoryType = "public.app-category.developer-tools";
				INFOPLIST_KEY_LSSupportsOpeningDocumentsInPlace = YES;
				INFOPLIST_KEY_NSCameraUsageDescription = "Use camera for file upload";
				INFOPLIST_KEY_UIApplicationSceneManifest_Generation = YES;
				INFOPLIST_KEY_UIApplicationSupportsIndirectInputEvents = YES;
				INFOPLIST_KEY_UILaunchScreen_Generation = YES;
				INFOPLIST_KEY_UISupportedInterfaceOrientations_iPad = "UIInterfaceOrientationPortrait UIInterfaceOrientationPortraitUpsideDown UIInterfaceOrientationLandscapeLeft UIInterfaceOrientationLandscapeRight";
				INFOPLIST_KEY_UISupportedInterfaceOrientations_iPhone = "UIInterfaceOrientationPortrait UIInterfaceOrientationLandscapeLeft UIInterfaceOrientationLandscapeRight";
				IPHONEOS_DEPLOYMENT_TARGET = 15.0;
				LD_RUNPATH_SEARCH_PATHS = (
					"$(inherited)",
					"@executable_path/Frameworks",
				);
				MARKETING_VERSION = 0.4.0;
				PRODUCT_BUNDLE_IDENTIFIER = editor.FullStacked;
				PRODUCT_NAME = "$(TARGET_NAME)";
				SUPPORTED_PLATFORMS = "iphoneos iphonesimulator";
				SUPPORTS_MACCATALYST = NO;
				SUPPORTS_MAC_DESIGNED_FOR_IPHONE_IPAD = NO;
				SWIFT_EMIT_LOC_STRINGS = YES;
				SWIFT_OBJC_BRIDGING_HEADER = "$(SRCROOT)/FullStacked/esbuild/esbuild-Bridging-Header.h";
				SWIFT_VERSION = 5.0;
				TARGETED_DEVICE_FAMILY = "1,2";
			};
			name = Debug;
		};
		9CA03E5C2B5715AC002D2D9F /* Release */ = {
			isa = XCBuildConfiguration;
			buildSettings = {
				ASSETCATALOG_COMPILER_APPICON_NAME = AppIcon;
				ASSETCATALOG_COMPILER_GLOBAL_ACCENT_COLOR_NAME = AccentColor;
				CODE_SIGN_STYLE = Automatic;
				CURRENT_PROJECT_VERSION = 3;
				DEVELOPMENT_ASSET_PATHS = "\"FullStacked/Preview Content\"";
				DEVELOPMENT_TEAM = QD7Y9DQ5V4;
				ENABLE_PREVIEWS = YES;
				GENERATE_INFOPLIST_FILE = YES;
				HEADER_SEARCH_PATHS = "\"$(SRCROOT)/FullStacked/esbuild\"";
				INFOPLIST_FILE = FullStacked/Info.plist;
				INFOPLIST_KEY_CFBundleDisplayName = FullStacked;
				INFOPLIST_KEY_LSApplicationCategoryType = "public.app-category.developer-tools";
				INFOPLIST_KEY_LSSupportsOpeningDocumentsInPlace = YES;
				INFOPLIST_KEY_NSCameraUsageDescription = "Use camera for file upload";
				INFOPLIST_KEY_UIApplicationSceneManifest_Generation = YES;
				INFOPLIST_KEY_UIApplicationSupportsIndirectInputEvents = YES;
				INFOPLIST_KEY_UILaunchScreen_Generation = YES;
				INFOPLIST_KEY_UISupportedInterfaceOrientations_iPad = "UIInterfaceOrientationPortrait UIInterfaceOrientationPortraitUpsideDown UIInterfaceOrientationLandscapeLeft UIInterfaceOrientationLandscapeRight";
				INFOPLIST_KEY_UISupportedInterfaceOrientations_iPhone = "UIInterfaceOrientationPortrait UIInterfaceOrientationLandscapeLeft UIInterfaceOrientationLandscapeRight";
				IPHONEOS_DEPLOYMENT_TARGET = 15.0;
				LD_RUNPATH_SEARCH_PATHS = (
					"$(inherited)",
					"@executable_path/Frameworks",
				);
				MARKETING_VERSION = 0.4.0;
				PRODUCT_BUNDLE_IDENTIFIER = editor.FullStacked;
				PRODUCT_NAME = "$(TARGET_NAME)";
				SUPPORTED_PLATFORMS = "iphoneos iphonesimulator";
				SUPPORTS_MACCATALYST = NO;
				SUPPORTS_MAC_DESIGNED_FOR_IPHONE_IPAD = NO;
				SWIFT_EMIT_LOC_STRINGS = YES;
				SWIFT_OBJC_BRIDGING_HEADER = "$(SRCROOT)/FullStacked/esbuild/esbuild-Bridging-Header.h";
				SWIFT_VERSION = 5.0;
				TARGETED_DEVICE_FAMILY = "1,2";
			};
			name = Release;
		};
/* End XCBuildConfiguration section */

/* Begin XCConfigurationList section */
		9CA03E472B5715A9002D2D9F /* Build configuration list for PBXProject "FullStacked" */ = {
			isa = XCConfigurationList;
			buildConfigurations = (
				9CA03E582B5715AC002D2D9F /* Debug */,
				9CA03E592B5715AC002D2D9F /* Release */,
			);
			defaultConfigurationIsVisible = 0;
			defaultConfigurationName = Release;
		};
		9CA03E5A2B5715AC002D2D9F /* Build configuration list for PBXNativeTarget "FullStacked" */ = {
			isa = XCConfigurationList;
			buildConfigurations = (
				9CA03E5B2B5715AC002D2D9F /* Debug */,
				9CA03E5C2B5715AC002D2D9F /* Release */,
			);
			defaultConfigurationIsVisible = 0;
			defaultConfigurationName = Release;
		};
/* End XCConfigurationList section */

/* Begin XCRemoteSwiftPackageReference section */
		9C46D3C32BAE072F00A3EE86 /* XCRemoteSwiftPackageReference "SwiftyJSON" */ = {
			isa = XCRemoteSwiftPackageReference;
			repositoryURL = "https://github.com/SwiftyJSON/SwiftyJSON.git";
			requirement = {
				kind = upToNextMajorVersion;
				minimumVersion = 5.0.1;
			};
		};
/* End XCRemoteSwiftPackageReference section */

/* Begin XCSwiftPackageProductDependency section */
		9C46D3C42BAE072F00A3EE86 /* SwiftyJSON */ = {
			isa = XCSwiftPackageProductDependency;
			package = 9C46D3C32BAE072F00A3EE86 /* XCRemoteSwiftPackageReference "SwiftyJSON" */;
			productName = SwiftyJSON;
		};
/* End XCSwiftPackageProductDependency section */
	};
	rootObject = 9CA03E442B5715A9002D2D9F /* Project object */;
}
